version = 1
requires-python = "==3.9.6"

[[package]]
name = "filedialpy"
version = "1.3.0"
source = { registry = "https://pypi.org/simple" }
dependencies = [
    { name = "pywin32", marker = "sys_platform == 'win32'" },
]
sdist = { url = "https://files.pythonhosted.org/packages/32/9f/a93eadbe3a2e9b83fff9e61054f9717d32a054361fc9bcddf4f41155b3f9/filedialpy-1.3.0.tar.gz", hash = "sha256:8cca954349f300a3fb41359f0c2d2c87bc95bc0b3311a071b34e1c869a4e90b5", size = 16368 }
wheels = [
    { url = "https://files.pythonhosted.org/packages/8a/86/2ccbfc38f12de27e2d3e56b438b88c3f9b964288ebf502725d594364a4b6/filedialpy-1.3.0-py3-none-any.whl", hash = "sha256:e14b7eac422d5e238a02b16c7c81d5cf60ff99ca3dc00a10349604b4482a8b7f", size = 18026 },
]

[[package]]
name = "imgui"
version = "2.0.0"
source = { registry = "https://pypi.org/simple" }
sdist = { url = "https://files.pythonhosted.org/packages/f1/aa/4abb0d3d6054da9a4390160fc25ca743a824263a9931cc6a95f30e3d75b4/imgui-2.0.0.tar.gz", hash = "sha256:2fbdb8eed3b8dbd7ea98af9e4c1c6582b0bc4da942a258de16333d8c653d67e1", size = 1473795 }
wheels = [
    { url = "https://files.pythonhosted.org/packages/ad/7e/416a3c6ca1cb2ccd4b6753dce3eb7796431e05bbd3d99a2bf8a99468436f/imgui-2.0.0-cp39-cp39-macosx_10_9_x86_64.whl", hash = "sha256:cbea38112f8b4c232ef065a537266f561f952324d19409ebb0e7221648632dd3", size = 2311366 },
    { url = "https://files.pythonhosted.org/packages/cc/b9/21278c73e817f0bbaa2b8b170042a4a31d52f61254b19990a881ac8c760e/imgui-2.0.0-cp39-cp39-manylinux_2_17_x86_64.manylinux2014_x86_64.whl", hash = "sha256:14fcacd6645fbcc0770d4f746abb4ee631a694895f58aef0e0d2976eab431226", size = 7490792 },
    { url = "https://files.pythonhosted.org/packages/31/8d/d91496c86ad1ede3788d05208e7c0dd2f34872aa42e81ce3f66578b1da71/imgui-2.0.0-cp39-cp39-manylinux_2_5_i686.manylinux1_i686.manylinux_2_17_i686.manylinux2014_i686.whl", hash = "sha256:a1f5c95505c73cd03f70d348e3f15ee2baa72b2251a636c09095b2a312c9a582", size = 7115818 },
    { url = "https://files.pythonhosted.org/packages/a5/b6/804c05bc617fcd54591f98e26f26b16effda9022deb06981e80f13d1465b/imgui-2.0.0-cp39-cp39-musllinux_1_1_i686.whl", hash = "sha256:cc2c7074e07ca9802089c17ddc3a7c3059d0848c7c596a22e5aa86026d99cc18", size = 7785702 },
    { url = "https://files.pythonhosted.org/packages/36/e0/9bc1ac27d29b79ebf6a00dcf1246112f999e60ae5736bc6af835247f1881/imgui-2.0.0-cp39-cp39-musllinux_1_1_x86_64.whl", hash = "sha256:f2448957ab4052d1a69e2e134a36d2a87c7599834639385daa88f62ac5302154", size = 8060128 },
    { url = "https://files.pythonhosted.org/packages/25/53/f51d1ff03779d7ea7a54670d57d9d49c2c61784b8a3b79ee1a60d9ae6741/imgui-2.0.0-cp39-cp39-win32.whl", hash = "sha256:e086cb9d1709b0391a06d43f1cecaa3bc384382dac3d3ca8489937050cd85efc", size = 1564078 },
    { url = "https://files.pythonhosted.org/packages/44/dd/ab15393a50818efb99db5fd35c8b72090dfdd2aa80af1706f74c66188b9b/imgui-2.0.0-cp39-cp39-win_amd64.whl", hash = "sha256:bead8db082403dde37429a14b439df6fada0c909a0f06fb310c1dec94338dad4", size = 1692670 },
    { url = "https://files.pythonhosted.org/packages/68/58/6cf1e769aedab5df5ece7bcfd35da2a071171f8925fff930f54af327b5e5/imgui-2.0.0-pp39-pypy39_pp73-macosx_10_9_x86_64.whl", hash = "sha256:adfd23b70ec4696a9128f64228a471fda9d2a709ab6c46affadb5ceb2b620626", size = 2063313 },
    { url = "https://files.pythonhosted.org/packages/73/84/a92531de27beb6862e0023b4aa8453a2153cf24810feb2c318fa2d04f190/imgui-2.0.0-pp39-pypy39_pp73-manylinux_2_17_x86_64.manylinux2014_x86_64.whl", hash = "sha256:8d4dd5551d2140980fb533d7a35d7efefd5060199d9cdf0ce3e65bbb27264090", size = 2271533 },
    { url = "https://files.pythonhosted.org/packages/63/64/0393f84e66fc955945084a58f8cc8e20919869c5580ff853043c782a843a/imgui-2.0.0-pp39-pypy39_pp73-manylinux_2_5_i686.manylinux1_i686.manylinux_2_17_i686.manylinux2014_i686.whl", hash = "sha256:ac287738a6add06da73ecc7d9a0227e74f3d013c9aace17f4014814b35e85dbe", size = 2301053 },
    { url = "https://files.pythonhosted.org/packages/9c/b2/e17be3499a3f28fd814491337e0b0fffaea5b6342c53a75a3dae85a7bd40/imgui-2.0.0-pp39-pypy39_pp73-win_amd64.whl", hash = "sha256:c93d2bbeac28661efaef263f7ef139269358d42e9002357ee96d901ff851fc59", size = 1665642 },
]

[package.optional-dependencies]
pygame = [
    { name = "pygame" },
    { name = "pyopengl" },
]

[[package]]
name = "lodeb"
version = "0.1.0"
source = { virtual = "." }
dependencies = [
    { name = "filedialpy" },
    { name = "imgui", extra = ["pygame"] },
]

[package.metadata]
requires-dist = [
    { name = "filedialpy" },
    { name = "imgui", extras = ["pygame"] },
]

[[package]]
name = "pygame"
version = "2.6.1"
source = { registry = "https://pypi.org/simple" }
sdist = { url = "https://files.pythonhosted.org/packages/49/cc/08bba60f00541f62aaa252ce0cfbd60aebd04616c0b9574f755b583e45ae/pygame-2.6.1.tar.gz", hash = "sha256:56fb02ead529cee00d415c3e007f75e0780c655909aaa8e8bf616ee09c9feb1f", size = 14808125 }
wheels = [
    { url = "https://files.pythonhosted.org/packages/a7/ed/9f49258c5012a4642fe931e3d3fdb87a210a76c4680ce47ec049bb93afae/pygame-2.6.1-cp39-cp39-macosx_10_9_x86_64.whl", hash = "sha256:15efaa11a80a65dd589a95bebe812fa5bfc7e14946b638a424c5bd9ac6cca1a4", size = 12967001 },
    { url = "https://files.pythonhosted.org/packages/53/e1/620110f7aebf9ae28073f9576b9ef1bf90dceabc0a88007d0241d842a501/pygame-2.6.1-cp39-cp39-macosx_11_0_arm64.whl", hash = "sha256:481cfe1bdbb7fe00acc5950c494c26f00240888619bdc396fc8c39a734797432", size = 12378764 },
    { url = "https://files.pythonhosted.org/packages/d3/4d/3621df95571465fa09fc65d48b9c70b32c4271b5c11b60aeabf592d3222e/pygame-2.6.1-cp39-cp39-manylinux_2_17_aarch64.manylinux2014_aarch64.whl", hash = "sha256:5d09fd950725d187aa5207c0cb8eb9ab0d2f8ce9ab8d189c30eeb470e71b617e", size = 13612295 },
    { url = "https://files.pythonhosted.org/packages/b8/7e/8f8357ea9b82bc2229a27f79ccff827a68033a6e5f2221da127422978a28/pygame-2.6.1-cp39-cp39-manylinux_2_17_i686.manylinux2014_i686.whl", hash = "sha256:163e66de169bd5670c86e27d0b74aad0d2d745e3b63cf4e7eb5b2bff1231ca8d", size = 14307883 },
    { url = "https://files.pythonhosted.org/packages/75/9c/5cee30344ea2c5c2292c036719322d28decd2699c813b99cb0e636212f99/pygame-2.6.1-cp39-cp39-manylinux_2_17_x86_64.manylinux2014_x86_64.whl", hash = "sha256:fb6e8d0547f30ddc845f4fd1e33070ef548233ad0dbf21f7ecea768883d1bbdc", size = 13980247 },
    { url = "https://files.pythonhosted.org/packages/62/57/3e97f6c05632ac3424578b4683ef9c36882b8796862517f72236111f76b9/pygame-2.6.1-cp39-cp39-win32.whl", hash = "sha256:d29eb9a93f12aa3d997b6e3c447ac85b2a4b142ab2548441523a8fcf5e216042", size = 10254889 },
    { url = "https://files.pythonhosted.org/packages/77/a9/6e8cfee4005d9ec165afd9146b930bcb5b921ec66395105316d00e7db6f5/pygame-2.6.1-cp39-cp39-win_amd64.whl", hash = "sha256:6582aa71a681e02e55d43150a9ab41394e6bf4d783d2962a10aea58f424be060", size = 10622066 },
    { url = "https://files.pythonhosted.org/packages/9a/2f/8458240c8908a550254c80b64f8c03d6d46156664df3515a1331ae730b4e/pygame-2.6.1-pp39-pypy39_pp73-macosx_10_15_x86_64.whl", hash = "sha256:bbb7167c92103a2091366e9af26d4914ba3776666e8677d3c93551353fffa626", size = 12782440 },
    { url = "https://files.pythonhosted.org/packages/b8/a5/ef76a85da2cb7bc6b9fc54b0a56cf75f244c8adcd16bab8d0d9d7398bfed/pygame-2.6.1-pp39-pypy39_pp73-manylinux_2_17_i686.manylinux2014_i686.whl", hash = "sha256:17498a2b043bc0e795faedef1b081199c688890200aef34991c1941caa2d2c89", size = 14182026 },
    { url = "https://files.pythonhosted.org/packages/8b/11/5519d3dfc8046822289dbd8ffde407e30ddb56b6f4a78ca39121a545a322/pygame-2.6.1-pp39-pypy39_pp73-manylinux_2_17_x86_64.manylinux2014_x86_64.whl", hash = "sha256:7103c60939bbc1e05cfc7ba3f1d2ad3bbf103b7828b82a7166a9ab6f51950146", size = 13869271 },
]

[[package]]
name = "pyopengl"
version = "3.1.7"
source = { registry = "https://pypi.org/simple" }
sdist = { url = "https://files.pythonhosted.org/packages/72/b6/970868d44b619292f1f54501923c69c9bd0ab1d2d44cf02590eac2706f4f/PyOpenGL-3.1.7.tar.gz", hash = "sha256:eef31a3888e6984fd4d8e6c9961b184c9813ca82604d37fe3da80eb000a76c86", size = 1896446 }
wheels = [
    { url = "https://files.pythonhosted.org/packages/99/48/00e31747821d3fc56faddd00a4725454d1e694a8b67d715cf20f531506a5/PyOpenGL-3.1.7-py3-none-any.whl", hash = "sha256:a6ab19cf290df6101aaf7470843a9c46207789855746399d0af92521a0a92b7a", size = 2416834 },
]

[[package]]
name = "pywin32"
version = "308"
source = { registry = "https://pypi.org/simple" }
wheels = [
    { url = "https://files.pythonhosted.org/packages/a8/41/ead05a7657ffdbb1edabb954ab80825c4f87a3de0285d59f8290457f9016/pywin32-308-cp39-cp39-win32.whl", hash = "sha256:7873ca4dc60ab3287919881a7d4f88baee4a6e639aa6962de25a98ba6b193341", size = 5991824 },
    { url = "https://files.pythonhosted.org/packages/e4/cd/0838c9a6063bff2e9bac2388ae36524c26c50288b5d7b6aebb6cdf8d375d/pywin32-308-cp39-cp39-win_amd64.whl", hash = "sha256:71b3322d949b4cc20776436a9c9ba0eeedcbc9c650daa536df63f0ff111bb920", size = 6640327 },
]
